
Microsoft Visual Studio Solution File, Format Version 12.00
# Visual Studio Version 17
VisualStudioVersion = 17.9.34723.18
MinimumVisualStudioVersion = 10.0.40219.1
Project("{FAE04EC0-301F-11D3-BF4B-00C04F79EFBC}") = "files", "files\files.csproj", "{B5F680FA-5F38-4274-9CD2-7848F07F70CA}"
EndProject
Global
	GlobalSection(SolutionConfigurationPlatforms) = preSolution
		Debug|Any CPU = Debug|Any CPU
		Release|Any CPU = Release|Any CPU
	EndGlobalSection
	GlobalSection(ProjectConfigurationPlatforms) = postSolution
		{B5F680FA-5F38-4274-9CD2-7848F07F70CA}.Debug|Any CPU.ActiveCfg = Debug|Any CPU
		{B5F680FA-5F38-4274-9CD2-7848F07F70CA}.Debug|Any CPU.Build.0 = Debug|Any CPU
		{B5F680FA-5F38-4274-9CD2-7848F07F70CA}.Release|Any CPU.ActiveCfg = Release|Any CPU
		{B5F680FA-5F38-4274-9CD2-7848F07F70CA}.Release|Any CPU.Build.0 = Release|Any CPU
	EndGlobalSection
	GlobalSection(SolutionProperties) = preSolution
		HideSolutionNode = FALSE
	EndGlobalSection
	GlobalSection(ExtensibilityGlobals) = postSolution
		SolutionGuid = {962A9EE6-73B8-4C2F-BBA7-76BDB86970B7}
	EndGlobalSection
EndGlobal
